{
    "name": "@kowalski/openclaw-extensions",
    "version": "1.2.0",
    "lockfileVersion": 3,
    "requires": true,
    "packages": {
        "": {
            "name": "@kowalski/openclaw-extensions",
            "version": "1.2.0",
            "license": "MIT",
            "dependencies": {
                "@hono/node-server": "^1.19.9",
                "hono": "^4.11.9"
            },
            "devDependencies": {
                "@types/node": "^25.2.0"
            }
        },
        "node_modules/@hono/node-server": {
            "version": "1.19.9",
            "resolved": "https://registry.npmjs.org/@hono/node-server/-/node-server-1.19.9.tgz",
            "integrity": "sha512-vHL6w3ecZsky+8P5MD+eFfaGTyCeOHUIFYMGpQGbrBTSmNNoxv0if69rEZ5giu36weC5saFuznL411gRX7bJDw==",
            "license": "MIT",
            "engines": {
                "node": ">=18.14.1"
            },
            "peerDependencies": {
                "hono": "^4"
            }
        },
        "node_modules/@types/node": {
            "version": "25.2.0",
            "resolved": "https://registry.npmjs.org/@types/node/-/node-25.2.0.tgz",
            "integrity": "sha512-DZ8VwRFUNzuqJ5khrvwMXHmvPe+zGayJhr2CDNiKB1WBE1ST8Djl00D0IC4vvNmHMdj6DlbYRIaFE7WHjlDl5w==",
            "dev": true,
            "license": "MIT",
            "dependencies": {
                "undici-types": "~7.16.0"
            }
        },
        "node_modules/hono": {
            "version": "4.11.9",
            "resolved": "https://registry.npmjs.org/hono/-/hono-4.11.9.tgz",
            "integrity": "sha512-Eaw2YTGM6WOxA6CXbckaEvslr2Ne4NFsKrvc0v97JD5awbmeBLO5w9Ho9L9kmKonrwF9RJlW6BxT1PVv/agBHQ==",
            "license": "MIT",
            "peer": true,
            "engines": {
                "node": ">=16.9.0"
            }
        },
        "node_modules/undici-types": {
            "version": "7.16.0",
            "resolved": "https://registry.npmjs.org/undici-types/-/undici-types-7.16.0.tgz",
            "integrity": "sha512-Zz+aZWSj8LE6zoxD+xrjh4VfkIG8Ya6LvYkZqtUQGJPZjYl53ypCaUwWqo7eI0x66KBGeRo+mlBEkMSeSZ38Nw==",
            "dev": true,
            "license": "MIT"
        }
    }
}
